// !$*UTF8*$!
{
	archiveVersion = 1;
	classes = {
	};
	objectVersion = 56;
	objects = {

/* Begin PBXBuildFile section */
		E2C513CA2BC7CD510021C172 /* AppDelegate.swift in Sources */ = {isa = PBXBuildFile; fileRef = E2C513C92BC7CD510021C172 /* AppDelegate.swift */; };
		E2C513CC2BC7CD510021C172 /* SceneDelegate.swift in Sources */ = {isa = PBXBuildFile; fileRef = E2C513CB2BC7CD510021C172 /* SceneDelegate.swift */; };
		E2C513D12BC7CD510021C172 /* Base in Resources */ = {isa = PBXBuildFile; fileRef = E2C513D02BC7CD510021C172 /* Base */; };
		E2C513D32BC7CD520021C172 /* Assets.xcassets in Resources */ = {isa = PBXBuildFile; fileRef = E2C513D22BC7CD520021C172 /* Assets.xcassets */; };
		E2C513D62BC7CD520021C172 /* Base in Resources */ = {isa = PBXBuildFile; fileRef = E2C513D52BC7CD520021C172 /* Base */; };
		E2C513DF2BC7CD8D0021C172 /* SnapKit in Frameworks */ = {isa = PBXBuildFile; productRef = E2C513DE2BC7CD8D0021C172 /* SnapKit */; };
		E2C513E12BC7CDA60021C172 /* .gitignore in Resources */ = {isa = PBXBuildFile; fileRef = E2C513E02BC7CDA60021C172 /* .gitignore */; };
		E2C513E52BC7CDE40021C172 /* Alamofire in Frameworks */ = {isa = PBXBuildFile; productRef = E2C513E42BC7CDE40021C172 /* Alamofire */; };
		E2C513E82BC7CDF10021C172 /* RxCocoa in Frameworks */ = {isa = PBXBuildFile; productRef = E2C513E72BC7CDF10021C172 /* RxCocoa */; };
		E2C513EA2BC7CDF10021C172 /* RxSwift in Frameworks */ = {isa = PBXBuildFile; productRef = E2C513E92BC7CDF10021C172 /* RxSwift */; };
		E2C513ED2BC7CE0A0021C172 /* Lottie in Frameworks */ = {isa = PBXBuildFile; productRef = E2C513EC2BC7CE0A0021C172 /* Lottie */; };
		E2C513F32BC7CE540021C172 /* BaseCollectionViewCell.swift in Sources */ = {isa = PBXBuildFile; fileRef = E2C513F02BC7CE540021C172 /* BaseCollectionViewCell.swift */; };
		E2C513F42BC7CE540021C172 /* BaseView.swift in Sources */ = {isa = PBXBuildFile; fileRef = E2C513F12BC7CE540021C172 /* BaseView.swift */; };
		E2C513F52BC7CE540021C172 /* BaseViewController.swift in Sources */ = {isa = PBXBuildFile; fileRef = E2C513F22BC7CE540021C172 /* BaseViewController.swift */; };
		E2C513F82BC7CF290021C172 /* APIKey.swift in Sources */ = {isa = PBXBuildFile; fileRef = E2C513F72BC7CF290021C172 /* APIKey.swift */; };
		E2C513FA2BC7CF2E0021C172 /* UsersRouter.swift in Sources */ = {isa = PBXBuildFile; fileRef = E2C513F92BC7CF2E0021C172 /* UsersRouter.swift */; };
		E2C513FC2BC7CF340021C172 /* TargetType.swift in Sources */ = {isa = PBXBuildFile; fileRef = E2C513FB2BC7CF340021C172 /* TargetType.swift */; };
		E2C514652BCAE5F10021C172 /* HTTPHeader.swift in Sources */ = {isa = PBXBuildFile; fileRef = E2C514642BCAE5F10021C172 /* HTTPHeader.swift */; };
		E2C514672BCAEA2D0021C172 /* UserModel.swift in Sources */ = {isa = PBXBuildFile; fileRef = E2C514662BCAEA2D0021C172 /* UserModel.swift */; };
		E2C5146A2BCAEBFF0021C172 /* LoginViewController.swift in Sources */ = {isa = PBXBuildFile; fileRef = E2C514692BCAEBFF0021C172 /* LoginViewController.swift */; };
		E2C5146E2BCAEE670021C172 /* LoginTextField.swift in Sources */ = {isa = PBXBuildFile; fileRef = E2C5146D2BCAEE670021C172 /* LoginTextField.swift */; };
		E2C514702BCAF1140021C172 /* LoginViewModel.swift in Sources */ = {isa = PBXBuildFile; fileRef = E2C5146F2BCAF1140021C172 /* LoginViewModel.swift */; };
		E2C514732BCAF1470021C172 /* ViewModelType.swift in Sources */ = {isa = PBXBuildFile; fileRef = E2C514722BCAF1470021C172 /* ViewModelType.swift */; };
		E2C514762BCAF68F0021C172 /* SetUpNicknameViewController.swift in Sources */ = {isa = PBXBuildFile; fileRef = E2C514752BCAF68F0021C172 /* SetUpNicknameViewController.swift */; };
		E2C514792BCBF9E70021C172 /* TokenUDManager.swift in Sources */ = {isa = PBXBuildFile; fileRef = E2C514782BCBF9E70021C172 /* TokenUDManager.swift */; };
		E2C5147B2BCBFDA00021C172 /* NetworkManager.swift in Sources */ = {isa = PBXBuildFile; fileRef = E2C5147A2BCBFDA00021C172 /* NetworkManager.swift */; };
		E2C5147D2BCC04590021C172 /* RegularButton.swift in Sources */ = {isa = PBXBuildFile; fileRef = E2C5147C2BCC04590021C172 /* RegularButton.swift */; };
		E2C514BE2BCEC8100021C172 /* SetUpNicknameViewModel.swift in Sources */ = {isa = PBXBuildFile; fileRef = E2C514BD2BCEC8100021C172 /* SetUpNicknameViewModel.swift */; };
		E2C514C02BCED1E80021C172 /* NetworkStatusManager.swift in Sources */ = {isa = PBXBuildFile; fileRef = E2C514BF2BCED1E80021C172 /* NetworkStatusManager.swift */; };
		E2C514C32BCED9470021C172 /* UIViewController+Extension.swift in Sources */ = {isa = PBXBuildFile; fileRef = E2C514C22BCED9470021C172 /* UIViewController+Extension.swift */; };
		E2C514FD2BD14DFA0021C172 /* HandleError.swift in Sources */ = {isa = PBXBuildFile; fileRef = E2C514FC2BD14DFA0021C172 /* HandleError.swift */; };
		E2C515232BD241570021C172 /* BaseTableViewCell.swift in Sources */ = {isa = PBXBuildFile; fileRef = E2C515222BD241570021C172 /* BaseTableViewCell.swift */; };
		E2C515262BD244340021C172 /* MyBucketViewController.swift in Sources */ = {isa = PBXBuildFile; fileRef = E2C515252BD244340021C172 /* MyBucketViewController.swift */; };
		E2C515282BD244520021C172 /* MyBucketListTableViewCell.swift in Sources */ = {isa = PBXBuildFile; fileRef = E2C515272BD244520021C172 /* MyBucketListTableViewCell.swift */; };
		E2C515312BD2651A0021C172 /* RealmRepository.swift in Sources */ = {isa = PBXBuildFile; fileRef = E2C515302BD2651A0021C172 /* RealmRepository.swift */; };
		E2C515332BD265200021C172 /* MyBucket.swift in Sources */ = {isa = PBXBuildFile; fileRef = E2C515322BD265200021C172 /* MyBucket.swift */; };
		E2C515362BD265620021C172 /* Realm in Frameworks */ = {isa = PBXBuildFile; productRef = E2C515352BD265620021C172 /* Realm */; };
		E2C515382BD265620021C172 /* RealmSwift in Frameworks */ = {isa = PBXBuildFile; productRef = E2C515372BD265620021C172 /* RealmSwift */; };
		E2C5153A2BD269E60021C172 /* CapsuleSegmentedControl.swift in Sources */ = {isa = PBXBuildFile; fileRef = E2C515392BD269E60021C172 /* CapsuleSegmentedControl.swift */; };
		E2C5153E2BD38E640021C172 /* AddNewBucketViewController.swift in Sources */ = {isa = PBXBuildFile; fileRef = E2C5153D2BD38E640021C172 /* AddNewBucketViewController.swift */; };
		E2C515422BD3AE820021C172 /* MyProfileView.swift in Sources */ = {isa = PBXBuildFile; fileRef = E2C515412BD3AE820021C172 /* MyProfileView.swift */; };
		E2C515442BD3AF670021C172 /* ProfileImageView.swift in Sources */ = {isa = PBXBuildFile; fileRef = E2C515432BD3AF670021C172 /* ProfileImageView.swift */; };
		E2C515532BD633AB0021C172 /* SegmentControlCollectionReusableView.swift in Sources */ = {isa = PBXBuildFile; fileRef = E2C515522BD633AB0021C172 /* SegmentControlCollectionReusableView.swift */; };
		E2C515632BD764810021C172 /* TabBarViewController.swift in Sources */ = {isa = PBXBuildFile; fileRef = E2C515622BD764810021C172 /* TabBarViewController.swift */; };
		E2C515652BD766140021C172 /* ExploreViewController.swift in Sources */ = {isa = PBXBuildFile; fileRef = E2C515642BD766140021C172 /* ExploreViewController.swift */; };
		E2C515672BD768EB0021C172 /* UserDefaultsWrapper.swift in Sources */ = {isa = PBXBuildFile; fileRef = E2C515662BD768EA0021C172 /* UserDefaultsWrapper.swift */; };
		E2C515692BD7698C0021C172 /* DefaultUDManager.swift in Sources */ = {isa = PBXBuildFile; fileRef = E2C515682BD7698C0021C172 /* DefaultUDManager.swift */; };
/* End PBXBuildFile section */

/* Begin PBXFileReference section */
		E2C513C62BC7CD510021C172 /* BucketBuddy.app */ = {isa = PBXFileReference; explicitFileType = wrapper.application; includeInIndex = 0; path = BucketBuddy.app; sourceTree = BUILT_PRODUCTS_DIR; };
		E2C513C92BC7CD510021C172 /* AppDelegate.swift */ = {isa = PBXFileReference; lastKnownFileType = sourcecode.swift; path = AppDelegate.swift; sourceTree = "<group>"; };
		E2C513CB2BC7CD510021C172 /* SceneDelegate.swift */ = {isa = PBXFileReference; lastKnownFileType = sourcecode.swift; path = SceneDelegate.swift; sourceTree = "<group>"; };
		E2C513D02BC7CD510021C172 /* Base */ = {isa = PBXFileReference; lastKnownFileType = file.storyboard; name = Base; path = Base.lproj/Main.storyboard; sourceTree = "<group>"; };
		E2C513D22BC7CD520021C172 /* Assets.xcassets */ = {isa = PBXFileReference; lastKnownFileType = folder.assetcatalog; path = Assets.xcassets; sourceTree = "<group>"; };
		E2C513D52BC7CD520021C172 /* Base */ = {isa = PBXFileReference; lastKnownFileType = file.storyboard; name = Base; path = Base.lproj/LaunchScreen.storyboard; sourceTree = "<group>"; };
		E2C513D72BC7CD520021C172 /* Info.plist */ = {isa = PBXFileReference; lastKnownFileType = text.plist.xml; path = Info.plist; sourceTree = "<group>"; };
		E2C513E02BC7CDA60021C172 /* .gitignore */ = {isa = PBXFileReference; lastKnownFileType = text; path = .gitignore; sourceTree = "<group>"; };
		E2C513F02BC7CE540021C172 /* BaseCollectionViewCell.swift */ = {isa = PBXFileReference; fileEncoding = 4; lastKnownFileType = sourcecode.swift; path = BaseCollectionViewCell.swift; sourceTree = "<group>"; };
		E2C513F12BC7CE540021C172 /* BaseView.swift */ = {isa = PBXFileReference; fileEncoding = 4; lastKnownFileType = sourcecode.swift; path = BaseView.swift; sourceTree = "<group>"; };
		E2C513F22BC7CE540021C172 /* BaseViewController.swift */ = {isa = PBXFileReference; fileEncoding = 4; lastKnownFileType = sourcecode.swift; path = BaseViewController.swift; sourceTree = "<group>"; };
		E2C513F72BC7CF290021C172 /* APIKey.swift */ = {isa = PBXFileReference; lastKnownFileType = sourcecode.swift; path = APIKey.swift; sourceTree = "<group>"; };
		E2C513F92BC7CF2E0021C172 /* UsersRouter.swift */ = {isa = PBXFileReference; lastKnownFileType = sourcecode.swift; path = UsersRouter.swift; sourceTree = "<group>"; };
		E2C513FB2BC7CF340021C172 /* TargetType.swift */ = {isa = PBXFileReference; lastKnownFileType = sourcecode.swift; path = TargetType.swift; sourceTree = "<group>"; };
		E2C514642BCAE5F10021C172 /* HTTPHeader.swift */ = {isa = PBXFileReference; lastKnownFileType = sourcecode.swift; path = HTTPHeader.swift; sourceTree = "<group>"; };
		E2C514662BCAEA2D0021C172 /* UserModel.swift */ = {isa = PBXFileReference; lastKnownFileType = sourcecode.swift; path = UserModel.swift; sourceTree = "<group>"; };
		E2C514692BCAEBFF0021C172 /* LoginViewController.swift */ = {isa = PBXFileReference; lastKnownFileType = sourcecode.swift; path = LoginViewController.swift; sourceTree = "<group>"; };
		E2C5146D2BCAEE670021C172 /* LoginTextField.swift */ = {isa = PBXFileReference; lastKnownFileType = sourcecode.swift; path = LoginTextField.swift; sourceTree = "<group>"; };
		E2C5146F2BCAF1140021C172 /* LoginViewModel.swift */ = {isa = PBXFileReference; lastKnownFileType = sourcecode.swift; path = LoginViewModel.swift; sourceTree = "<group>"; };
		E2C514722BCAF1470021C172 /* ViewModelType.swift */ = {isa = PBXFileReference; lastKnownFileType = sourcecode.swift; path = ViewModelType.swift; sourceTree = "<group>"; };
		E2C514752BCAF68F0021C172 /* SetUpNicknameViewController.swift */ = {isa = PBXFileReference; lastKnownFileType = sourcecode.swift; path = SetUpNicknameViewController.swift; sourceTree = "<group>"; };
		E2C514782BCBF9E70021C172 /* TokenUDManager.swift */ = {isa = PBXFileReference; lastKnownFileType = sourcecode.swift; path = TokenUDManager.swift; sourceTree = "<group>"; };
		E2C5147A2BCBFDA00021C172 /* NetworkManager.swift */ = {isa = PBXFileReference; lastKnownFileType = sourcecode.swift; path = NetworkManager.swift; sourceTree = "<group>"; };
		E2C5147C2BCC04590021C172 /* RegularButton.swift */ = {isa = PBXFileReference; lastKnownFileType = sourcecode.swift; path = RegularButton.swift; sourceTree = "<group>"; };
		E2C514BD2BCEC8100021C172 /* SetUpNicknameViewModel.swift */ = {isa = PBXFileReference; lastKnownFileType = sourcecode.swift; path = SetUpNicknameViewModel.swift; sourceTree = "<group>"; };
		E2C514BF2BCED1E80021C172 /* NetworkStatusManager.swift */ = {isa = PBXFileReference; lastKnownFileType = sourcecode.swift; path = NetworkStatusManager.swift; sourceTree = "<group>"; };
		E2C514C22BCED9470021C172 /* UIViewController+Extension.swift */ = {isa = PBXFileReference; lastKnownFileType = sourcecode.swift; path = "UIViewController+Extension.swift"; sourceTree = "<group>"; };
		E2C514FC2BD14DFA0021C172 /* HandleError.swift */ = {isa = PBXFileReference; lastKnownFileType = sourcecode.swift; path = HandleError.swift; sourceTree = "<group>"; };
		E2C515222BD241570021C172 /* BaseTableViewCell.swift */ = {isa = PBXFileReference; lastKnownFileType = sourcecode.swift; path = BaseTableViewCell.swift; sourceTree = "<group>"; };
		E2C515252BD244340021C172 /* MyBucketViewController.swift */ = {isa = PBXFileReference; lastKnownFileType = sourcecode.swift; path = MyBucketViewController.swift; sourceTree = "<group>"; };
		E2C515272BD244520021C172 /* MyBucketListTableViewCell.swift */ = {isa = PBXFileReference; lastKnownFileType = sourcecode.swift; path = MyBucketListTableViewCell.swift; sourceTree = "<group>"; };
		E2C515302BD2651A0021C172 /* RealmRepository.swift */ = {isa = PBXFileReference; lastKnownFileType = sourcecode.swift; path = RealmRepository.swift; sourceTree = "<group>"; };
		E2C515322BD265200021C172 /* MyBucket.swift */ = {isa = PBXFileReference; lastKnownFileType = sourcecode.swift; path = MyBucket.swift; sourceTree = "<group>"; };
		E2C515392BD269E60021C172 /* CapsuleSegmentedControl.swift */ = {isa = PBXFileReference; lastKnownFileType = sourcecode.swift; path = CapsuleSegmentedControl.swift; sourceTree = "<group>"; };
		E2C5153D2BD38E640021C172 /* AddNewBucketViewController.swift */ = {isa = PBXFileReference; lastKnownFileType = sourcecode.swift; name = AddNewBucketViewController.swift; path = BucketBuddy/Views/MyBucket/AddNewBucketViewController.swift; sourceTree = SOURCE_ROOT; };
		E2C515412BD3AE820021C172 /* MyProfileView.swift */ = {isa = PBXFileReference; lastKnownFileType = sourcecode.swift; path = MyProfileView.swift; sourceTree = "<group>"; };
		E2C515432BD3AF670021C172 /* ProfileImageView.swift */ = {isa = PBXFileReference; lastKnownFileType = sourcecode.swift; path = ProfileImageView.swift; sourceTree = "<group>"; };
		E2C515522BD633AB0021C172 /* SegmentControlCollectionReusableView.swift */ = {isa = PBXFileReference; lastKnownFileType = sourcecode.swift; path = SegmentControlCollectionReusableView.swift; sourceTree = "<group>"; };
		E2C515622BD764810021C172 /* TabBarViewController.swift */ = {isa = PBXFileReference; lastKnownFileType = sourcecode.swift; path = TabBarViewController.swift; sourceTree = "<group>"; };
		E2C515642BD766140021C172 /* ExploreViewController.swift */ = {isa = PBXFileReference; lastKnownFileType = sourcecode.swift; path = ExploreViewController.swift; sourceTree = "<group>"; };
		E2C515662BD768EA0021C172 /* UserDefaultsWrapper.swift */ = {isa = PBXFileReference; lastKnownFileType = sourcecode.swift; path = UserDefaultsWrapper.swift; sourceTree = "<group>"; };
		E2C515682BD7698C0021C172 /* DefaultUDManager.swift */ = {isa = PBXFileReference; lastKnownFileType = sourcecode.swift; path = DefaultUDManager.swift; sourceTree = "<group>"; };
/* End PBXFileReference section */

/* Begin PBXFrameworksBuildPhase section */
		E2C513C32BC7CD510021C172 /* Frameworks */ = {
			isa = PBXFrameworksBuildPhase;
			buildActionMask = 2147483647;
			files = (
				E2C515362BD265620021C172 /* Realm in Frameworks */,
				E2C513ED2BC7CE0A0021C172 /* Lottie in Frameworks */,
				E2C515382BD265620021C172 /* RealmSwift in Frameworks */,
				E2C513E82BC7CDF10021C172 /* RxCocoa in Frameworks */,
				E2C513DF2BC7CD8D0021C172 /* SnapKit in Frameworks */,
				E2C513EA2BC7CDF10021C172 /* RxSwift in Frameworks */,
				E2C513E52BC7CDE40021C172 /* Alamofire in Frameworks */,
			);
			runOnlyForDeploymentPostprocessing = 0;
		};
/* End PBXFrameworksBuildPhase section */

/* Begin PBXGroup section */
		E2C513BD2BC7CD510021C172 = {
			isa = PBXGroup;
			children = (
				E2C513E02BC7CDA60021C172 /* .gitignore */,
				E2C513C82BC7CD510021C172 /* BucketBuddy */,
				E2C513C72BC7CD510021C172 /* Products */,
			);
			sourceTree = "<group>";
		};
		E2C513C72BC7CD510021C172 /* Products */ = {
			isa = PBXGroup;
			children = (
				E2C513C62BC7CD510021C172 /* BucketBuddy.app */,
			);
			name = Products;
			sourceTree = "<group>";
		};
		E2C513C82BC7CD510021C172 /* BucketBuddy */ = {
			isa = PBXGroup;
			children = (
				E2C513E22BC7CDCE0021C172 /* App */,
				E2C513EF2BC7CE440021C172 /* Base */,
				E2C513EE2BC7CE150021C172 /* Views */,
				E2C5152F2BD264FF0021C172 /* Realm */,
				E2C513F62BC7CEBC0021C172 /* Network */,
				E2C514772BCBF9B80021C172 /* Service */,
				E2C514712BCAF11D0021C172 /* Protocol */,
				E2C514C12BCED9270021C172 /* Extension */,
				E2C5146C2BCAEE4D0021C172 /* Components */,
				E2C513D22BC7CD520021C172 /* Assets.xcassets */,
				E2C513D72BC7CD520021C172 /* Info.plist */,
			);
			path = BucketBuddy;
			sourceTree = "<group>";
		};
		E2C513E22BC7CDCE0021C172 /* App */ = {
			isa = PBXGroup;
			children = (
				E2C513CF2BC7CD510021C172 /* Main.storyboard */,
				E2C513D42BC7CD520021C172 /* LaunchScreen.storyboard */,
				E2C513C92BC7CD510021C172 /* AppDelegate.swift */,
				E2C513CB2BC7CD510021C172 /* SceneDelegate.swift */,
			);
			path = App;
			sourceTree = "<group>";
		};
		E2C513EE2BC7CE150021C172 /* Views */ = {
			isa = PBXGroup;
			children = (
				E2C515542BD645340021C172 /* Explore */,
				E2C515242BD2441F0021C172 /* MyBucket */,
				E2C514BB2BCE7C440021C172 /* Onboarding */,
			);
			path = Views;
			sourceTree = "<group>";
		};
		E2C513EF2BC7CE440021C172 /* Base */ = {
			isa = PBXGroup;
			children = (
				E2C513F12BC7CE540021C172 /* BaseView.swift */,
				E2C513F22BC7CE540021C172 /* BaseViewController.swift */,
				E2C515222BD241570021C172 /* BaseTableViewCell.swift */,
				E2C513F02BC7CE540021C172 /* BaseCollectionViewCell.swift */,
			);
			path = Base;
			sourceTree = "<group>";
		};
		E2C513F62BC7CEBC0021C172 /* Network */ = {
			isa = PBXGroup;
			children = (
				E2C513F72BC7CF290021C172 /* APIKey.swift */,
				E2C514662BCAEA2D0021C172 /* UserModel.swift */,
				E2C514642BCAE5F10021C172 /* HTTPHeader.swift */,
				E2C513F92BC7CF2E0021C172 /* UsersRouter.swift */,
				E2C513FB2BC7CF340021C172 /* TargetType.swift */,
				E2C5147A2BCBFDA00021C172 /* NetworkManager.swift */,
				E2C514FC2BD14DFA0021C172 /* HandleError.swift */,
				E2C514BF2BCED1E80021C172 /* NetworkStatusManager.swift */,
			);
			path = Network;
			sourceTree = "<group>";
		};
		E2C514682BCAEBE00021C172 /* Login */ = {
			isa = PBXGroup;
			children = (
				E2C514692BCAEBFF0021C172 /* LoginViewController.swift */,
				E2C5146F2BCAF1140021C172 /* LoginViewModel.swift */,
				E2C514752BCAF68F0021C172 /* SetUpNicknameViewController.swift */,
				E2C514BD2BCEC8100021C172 /* SetUpNicknameViewModel.swift */,
			);
			path = Login;
			sourceTree = "<group>";
		};
		E2C5146C2BCAEE4D0021C172 /* Components */ = {
			isa = PBXGroup;
			children = (
				E2C5146D2BCAEE670021C172 /* LoginTextField.swift */,
				E2C5147C2BCC04590021C172 /* RegularButton.swift */,
				E2C515392BD269E60021C172 /* CapsuleSegmentedControl.swift */,
				E2C515432BD3AF670021C172 /* ProfileImageView.swift */,
				E2C515622BD764810021C172 /* TabBarViewController.swift */,
			);
			path = Components;
			sourceTree = "<group>";
		};
		E2C514712BCAF11D0021C172 /* Protocol */ = {
			isa = PBXGroup;
			children = (
				E2C514722BCAF1470021C172 /* ViewModelType.swift */,
			);
			path = Protocol;
			sourceTree = "<group>";
		};
		E2C514772BCBF9B80021C172 /* Service */ = {
			isa = PBXGroup;
			children = (
				E2C514782BCBF9E70021C172 /* TokenUDManager.swift */,
				E2C515682BD7698C0021C172 /* DefaultUDManager.swift */,
				E2C515662BD768EA0021C172 /* UserDefaultsWrapper.swift */,
			);
			path = Service;
			sourceTree = "<group>";
		};
		E2C514BB2BCE7C440021C172 /* Onboarding */ = {
			isa = PBXGroup;
			children = (
				E2C514682BCAEBE00021C172 /* Login */,
			);
			path = Onboarding;
			sourceTree = "<group>";
		};
		E2C514C12BCED9270021C172 /* Extension */ = {
			isa = PBXGroup;
			children = (
				E2C514C22BCED9470021C172 /* UIViewController+Extension.swift */,
			);
			path = Extension;
			sourceTree = "<group>";
		};
		E2C515242BD2441F0021C172 /* MyBucket */ = {
			isa = PBXGroup;
			children = (
				E2C515292BD246720021C172 /* Cell */,
				E2C515252BD244340021C172 /* MyBucketViewController.swift */,
				E2C5153D2BD38E640021C172 /* AddNewBucketViewController.swift */,
			);
			path = MyBucket;
			sourceTree = "<group>";
		};
		E2C515292BD246720021C172 /* Cell */ = {
			isa = PBXGroup;
			children = (
				E2C515272BD244520021C172 /* MyBucketListTableViewCell.swift */,
				E2C515412BD3AE820021C172 /* MyProfileView.swift */,
				E2C515522BD633AB0021C172 /* SegmentControlCollectionReusableView.swift */,
			);
			path = Cell;
			sourceTree = "<group>";
		};
		E2C5152F2BD264FF0021C172 /* Realm */ = {
			isa = PBXGroup;
			children = (
				E2C515302BD2651A0021C172 /* RealmRepository.swift */,
				E2C515322BD265200021C172 /* MyBucket.swift */,
			);
			path = Realm;
			sourceTree = "<group>";
		};
		E2C515542BD645340021C172 /* Explore */ = {
			isa = PBXGroup;
			children = (
				E2C515642BD766140021C172 /* ExploreViewController.swift */,
			);
			path = Explore;
			sourceTree = "<group>";
		};
/* End PBXGroup section */

/* Begin PBXNativeTarget section */
		E2C513C52BC7CD510021C172 /* BucketBuddy */ = {
			isa = PBXNativeTarget;
			buildConfigurationList = E2C513DA2BC7CD520021C172 /* Build configuration list for PBXNativeTarget "BucketBuddy" */;
			buildPhases = (
				E2C513C22BC7CD510021C172 /* Sources */,
				E2C513C32BC7CD510021C172 /* Frameworks */,
				E2C513C42BC7CD510021C172 /* Resources */,
			);
			buildRules = (
			);
			dependencies = (
			);
			name = BucketBuddy;
			packageProductDependencies = (
				E2C513DE2BC7CD8D0021C172 /* SnapKit */,
				E2C513E42BC7CDE40021C172 /* Alamofire */,
				E2C513E72BC7CDF10021C172 /* RxCocoa */,
				E2C513E92BC7CDF10021C172 /* RxSwift */,
				E2C513EC2BC7CE0A0021C172 /* Lottie */,
				E2C515352BD265620021C172 /* Realm */,
				E2C515372BD265620021C172 /* RealmSwift */,
			);
			productName = BucketBuddy;
			productReference = E2C513C62BC7CD510021C172 /* BucketBuddy.app */;
			productType = "com.apple.product-type.application";
		};
/* End PBXNativeTarget section */

/* Begin PBXProject section */
		E2C513BE2BC7CD510021C172 /* Project object */ = {
			isa = PBXProject;
			attributes = {
				BuildIndependentTargetsInParallel = 1;
				LastSwiftUpdateCheck = 1530;
				LastUpgradeCheck = 1530;
				TargetAttributes = {
					E2C513C52BC7CD510021C172 = {
						CreatedOnToolsVersion = 15.3;
					};
				};
			};
			buildConfigurationList = E2C513C12BC7CD510021C172 /* Build configuration list for PBXProject "BucketBuddy" */;
			compatibilityVersion = "Xcode 14.0";
			developmentRegion = en;
			hasScannedForEncodings = 0;
			knownRegions = (
				en,
				Base,
			);
			mainGroup = E2C513BD2BC7CD510021C172;
			packageReferences = (
				E2C513DD2BC7CD8D0021C172 /* XCRemoteSwiftPackageReference "SnapKit" */,
				E2C513E32BC7CDE40021C172 /* XCRemoteSwiftPackageReference "Alamofire" */,
				E2C513E62BC7CDF10021C172 /* XCRemoteSwiftPackageReference "RxSwift" */,
				E2C513EB2BC7CE0A0021C172 /* XCRemoteSwiftPackageReference "lottie-ios" */,
				E2C515342BD265620021C172 /* XCRemoteSwiftPackageReference "realm-swift" */,
			);
			productRefGroup = E2C513C72BC7CD510021C172 /* Products */;
			projectDirPath = "";
			projectRoot = "";
			targets = (
				E2C513C52BC7CD510021C172 /* BucketBuddy */,
			);
		};
/* End PBXProject section */

/* Begin PBXResourcesBuildPhase section */
		E2C513C42BC7CD510021C172 /* Resources */ = {
			isa = PBXResourcesBuildPhase;
			buildActionMask = 2147483647;
			files = (
				E2C513E12BC7CDA60021C172 /* .gitignore in Resources */,
				E2C513D32BC7CD520021C172 /* Assets.xcassets in Resources */,
				E2C513D62BC7CD520021C172 /* Base in Resources */,
				E2C513D12BC7CD510021C172 /* Base in Resources */,
			);
			runOnlyForDeploymentPostprocessing = 0;
		};
/* End PBXResourcesBuildPhase section */

/* Begin PBXSourcesBuildPhase section */
		E2C513C22BC7CD510021C172 /* Sources */ = {
			isa = PBXSourcesBuildPhase;
			buildActionMask = 2147483647;
			files = (
				E2C5147B2BCBFDA00021C172 /* NetworkManager.swift in Sources */,
				E2C5146A2BCAEBFF0021C172 /* LoginViewController.swift in Sources */,
				E2C5153E2BD38E640021C172 /* AddNewBucketViewController.swift in Sources */,
				E2C513FA2BC7CF2E0021C172 /* UsersRouter.swift in Sources */,
				E2C5146E2BCAEE670021C172 /* LoginTextField.swift in Sources */,
				E2C514792BCBF9E70021C172 /* TokenUDManager.swift in Sources */,
				E2C515692BD7698C0021C172 /* DefaultUDManager.swift in Sources */,
				E2C514BE2BCEC8100021C172 /* SetUpNicknameViewModel.swift in Sources */,
				E2C514652BCAE5F10021C172 /* HTTPHeader.swift in Sources */,
				E2C513F32BC7CE540021C172 /* BaseCollectionViewCell.swift in Sources */,
				E2C514702BCAF1140021C172 /* LoginViewModel.swift in Sources */,
				E2C515422BD3AE820021C172 /* MyProfileView.swift in Sources */,
				E2C513FC2BC7CF340021C172 /* TargetType.swift in Sources */,
				E2C5153A2BD269E60021C172 /* CapsuleSegmentedControl.swift in Sources */,
				E2C515632BD764810021C172 /* TabBarViewController.swift in Sources */,
				E2C515262BD244340021C172 /* MyBucketViewController.swift in Sources */,
				E2C5147D2BCC04590021C172 /* RegularButton.swift in Sources */,
				E2C514732BCAF1470021C172 /* ViewModelType.swift in Sources */,
				E2C514672BCAEA2D0021C172 /* UserModel.swift in Sources */,
				E2C514762BCAF68F0021C172 /* SetUpNicknameViewController.swift in Sources */,
				E2C513F82BC7CF290021C172 /* APIKey.swift in Sources */,
				E2C515532BD633AB0021C172 /* SegmentControlCollectionReusableView.swift in Sources */,
				E2C515672BD768EB0021C172 /* UserDefaultsWrapper.swift in Sources */,
				E2C515232BD241570021C172 /* BaseTableViewCell.swift in Sources */,
				E2C513F42BC7CE540021C172 /* BaseView.swift in Sources */,
				E2C515282BD244520021C172 /* MyBucketListTableViewCell.swift in Sources */,
				E2C515652BD766140021C172 /* ExploreViewController.swift in Sources */,
				E2C514FD2BD14DFA0021C172 /* HandleError.swift in Sources */,
				E2C513CA2BC7CD510021C172 /* AppDelegate.swift in Sources */,
				E2C515312BD2651A0021C172 /* RealmRepository.swift in Sources */,
				E2C513CC2BC7CD510021C172 /* SceneDelegate.swift in Sources */,
				E2C515442BD3AF670021C172 /* ProfileImageView.swift in Sources */,
				E2C515332BD265200021C172 /* MyBucket.swift in Sources */,
				E2C514C32BCED9470021C172 /* UIViewController+Extension.swift in Sources */,
				E2C514C02BCED1E80021C172 /* NetworkStatusManager.swift in Sources */,
				E2C513F52BC7CE540021C172 /* BaseViewController.swift in Sources */,
			);
			runOnlyForDeploymentPostprocessing = 0;
		};
/* End PBXSourcesBuildPhase section */

/* Begin PBXVariantGroup section */
		E2C513CF2BC7CD510021C172 /* Main.storyboard */ = {
			isa = PBXVariantGroup;
			children = (
				E2C513D02BC7CD510021C172 /* Base */,
			);
			name = Main.storyboard;
			sourceTree = "<group>";
		};
		E2C513D42BC7CD520021C172 /* LaunchScreen.storyboard */ = {
			isa = PBXVariantGroup;
			children = (
				E2C513D52BC7CD520021C172 /* Base */,
			);
			name = LaunchScreen.storyboard;
			sourceTree = "<group>";
		};
/* End PBXVariantGroup section */

/* Begin XCBuildConfiguration section */
		E2C513D82BC7CD520021C172 /* Debug */ = {
			isa = XCBuildConfiguration;
			buildSettings = {
				ALWAYS_SEARCH_USER_PATHS = NO;
				ASSETCATALOG_COMPILER_GENERATE_SWIFT_ASSET_SYMBOL_EXTENSIONS = YES;
				CLANG_ANALYZER_NONNULL = YES;
				CLANG_ANALYZER_NUMBER_OBJECT_CONVERSION = YES_AGGRESSIVE;
				CLANG_CXX_LANGUAGE_STANDARD = "gnu++20";
				CLANG_ENABLE_MODULES = YES;
				CLANG_ENABLE_OBJC_ARC = YES;
				CLANG_ENABLE_OBJC_WEAK = YES;
				CLANG_WARN_BLOCK_CAPTURE_AUTORELEASING = YES;
				CLANG_WARN_BOOL_CONVERSION = YES;
				CLANG_WARN_COMMA = YES;
				CLANG_WARN_CONSTANT_CONVERSION = YES;
				CLANG_WARN_DEPRECATED_OBJC_IMPLEMENTATIONS = YES;
				CLANG_WARN_DIRECT_OBJC_ISA_USAGE = YES_ERROR;
				CLANG_WARN_DOCUMENTATION_COMMENTS = YES;
				CLANG_WARN_EMPTY_BODY = YES;
				CLANG_WARN_ENUM_CONVERSION = YES;
				CLANG_WARN_INFINITE_RECURSION = YES;
				CLANG_WARN_INT_CONVERSION = YES;
				CLANG_WARN_NON_LITERAL_NULL_CONVERSION = YES;
				CLANG_WARN_OBJC_IMPLICIT_RETAIN_SELF = YES;
				CLANG_WARN_OBJC_LITERAL_CONVERSION = YES;
				CLANG_WARN_OBJC_ROOT_CLASS = YES_ERROR;
				CLANG_WARN_QUOTED_INCLUDE_IN_FRAMEWORK_HEADER = YES;
				CLANG_WARN_RANGE_LOOP_ANALYSIS = YES;
				CLANG_WARN_STRICT_PROTOTYPES = YES;
				CLANG_WARN_SUSPICIOUS_MOVE = YES;
				CLANG_WARN_UNGUARDED_AVAILABILITY = YES_AGGRESSIVE;
				CLANG_WARN_UNREACHABLE_CODE = YES;
				CLANG_WARN__DUPLICATE_METHOD_MATCH = YES;
				COPY_PHASE_STRIP = NO;
				DEBUG_INFORMATION_FORMAT = dwarf;
				ENABLE_STRICT_OBJC_MSGSEND = YES;
				ENABLE_TESTABILITY = YES;
				ENABLE_USER_SCRIPT_SANDBOXING = YES;
				GCC_C_LANGUAGE_STANDARD = gnu17;
				GCC_DYNAMIC_NO_PIC = NO;
				GCC_NO_COMMON_BLOCKS = YES;
				GCC_OPTIMIZATION_LEVEL = 0;
				GCC_PREPROCESSOR_DEFINITIONS = (
					"DEBUG=1",
					"$(inherited)",
				);
				GCC_WARN_64_TO_32_BIT_CONVERSION = YES;
				GCC_WARN_ABOUT_RETURN_TYPE = YES_ERROR;
				GCC_WARN_UNDECLARED_SELECTOR = YES;
				GCC_WARN_UNINITIALIZED_AUTOS = YES_AGGRESSIVE;
				GCC_WARN_UNUSED_FUNCTION = YES;
				GCC_WARN_UNUSED_VARIABLE = YES;
				IPHONEOS_DEPLOYMENT_TARGET = 17.4;
				LOCALIZATION_PREFERS_STRING_CATALOGS = YES;
				MTL_ENABLE_DEBUG_INFO = INCLUDE_SOURCE;
				MTL_FAST_MATH = YES;
				ONLY_ACTIVE_ARCH = YES;
				SDKROOT = iphoneos;
				SWIFT_ACTIVE_COMPILATION_CONDITIONS = "DEBUG $(inherited)";
				SWIFT_OPTIMIZATION_LEVEL = "-Onone";
			};
			name = Debug;
		};
		E2C513D92BC7CD520021C172 /* Release */ = {
			isa = XCBuildConfiguration;
			buildSettings = {
				ALWAYS_SEARCH_USER_PATHS = NO;
				ASSETCATALOG_COMPILER_GENERATE_SWIFT_ASSET_SYMBOL_EXTENSIONS = YES;
				CLANG_ANALYZER_NONNULL = YES;
				CLANG_ANALYZER_NUMBER_OBJECT_CONVERSION = YES_AGGRESSIVE;
				CLANG_CXX_LANGUAGE_STANDARD = "gnu++20";
				CLANG_ENABLE_MODULES = YES;
				CLANG_ENABLE_OBJC_ARC = YES;
				CLANG_ENABLE_OBJC_WEAK = YES;
				CLANG_WARN_BLOCK_CAPTURE_AUTORELEASING = YES;
				CLANG_WARN_BOOL_CONVERSION = YES;
				CLANG_WARN_COMMA = YES;
				CLANG_WARN_CONSTANT_CONVERSION = YES;
				CLANG_WARN_DEPRECATED_OBJC_IMPLEMENTATIONS = YES;
				CLANG_WARN_DIRECT_OBJC_ISA_USAGE = YES_ERROR;
				CLANG_WARN_DOCUMENTATION_COMMENTS = YES;
				CLANG_WARN_EMPTY_BODY = YES;
				CLANG_WARN_ENUM_CONVERSION = YES;
				CLANG_WARN_INFINITE_RECURSION = YES;
				CLANG_WARN_INT_CONVERSION = YES;
				CLANG_WARN_NON_LITERAL_NULL_CONVERSION = YES;
				CLANG_WARN_OBJC_IMPLICIT_RETAIN_SELF = YES;
				CLANG_WARN_OBJC_LITERAL_CONVERSION = YES;
				CLANG_WARN_OBJC_ROOT_CLASS = YES_ERROR;
				CLANG_WARN_QUOTED_INCLUDE_IN_FRAMEWORK_HEADER = YES;
				CLANG_WARN_RANGE_LOOP_ANALYSIS = YES;
				CLANG_WARN_STRICT_PROTOTYPES = YES;
				CLANG_WARN_SUSPICIOUS_MOVE = YES;
				CLANG_WARN_UNGUARDED_AVAILABILITY = YES_AGGRESSIVE;
				CLANG_WARN_UNREACHABLE_CODE = YES;
				CLANG_WARN__DUPLICATE_METHOD_MATCH = YES;
				COPY_PHASE_STRIP = NO;
				DEBUG_INFORMATION_FORMAT = "dwarf-with-dsym";
				ENABLE_NS_ASSERTIONS = NO;
				ENABLE_STRICT_OBJC_MSGSEND = YES;
				ENABLE_USER_SCRIPT_SANDBOXING = YES;
				GCC_C_LANGUAGE_STANDARD = gnu17;
				GCC_NO_COMMON_BLOCKS = YES;
				GCC_WARN_64_TO_32_BIT_CONVERSION = YES;
				GCC_WARN_ABOUT_RETURN_TYPE = YES_ERROR;
				GCC_WARN_UNDECLARED_SELECTOR = YES;
				GCC_WARN_UNINITIALIZED_AUTOS = YES_AGGRESSIVE;
				GCC_WARN_UNUSED_FUNCTION = YES;
				GCC_WARN_UNUSED_VARIABLE = YES;
				IPHONEOS_DEPLOYMENT_TARGET = 17.4;
				LOCALIZATION_PREFERS_STRING_CATALOGS = YES;
				MTL_ENABLE_DEBUG_INFO = NO;
				MTL_FAST_MATH = YES;
				SDKROOT = iphoneos;
				SWIFT_COMPILATION_MODE = wholemodule;
				VALIDATE_PRODUCT = YES;
			};
			name = Release;
		};
		E2C513DB2BC7CD520021C172 /* Debug */ = {
			isa = XCBuildConfiguration;
			buildSettings = {
				ASSETCATALOG_COMPILER_APPICON_NAME = AppIcon;
				ASSETCATALOG_COMPILER_GLOBAL_ACCENT_COLOR_NAME = AccentColor;
				CODE_SIGN_STYLE = Automatic;
				CURRENT_PROJECT_VERSION = 1;
				DEVELOPMENT_TEAM = 47VP7M3T34;
				GENERATE_INFOPLIST_FILE = YES;
				INFOPLIST_FILE = BucketBuddy/Info.plist;
				INFOPLIST_KEY_CFBundleDisplayName = "버킷버디";
				INFOPLIST_KEY_UIApplicationSupportsIndirectInputEvents = YES;
				INFOPLIST_KEY_UILaunchStoryboardName = LaunchScreen;
				INFOPLIST_KEY_UIMainStoryboardFile = Main;
				INFOPLIST_KEY_UISupportedInterfaceOrientations = UIInterfaceOrientationPortrait;
				INFOPLIST_KEY_UISupportedInterfaceOrientations_iPad = "UIInterfaceOrientationLandscapeLeft UIInterfaceOrientationLandscapeRight UIInterfaceOrientationPortrait UIInterfaceOrientationPortraitUpsideDown";
				IPHONEOS_DEPLOYMENT_TARGET = 16.0;
				LD_RUNPATH_SEARCH_PATHS = (
					"$(inherited)",
					"@executable_path/Frameworks",
				);
				MARKETING_VERSION = 1.0;
				PRODUCT_BUNDLE_IDENTIFIER = com.Seou.BucketBuddy;
				PRODUCT_NAME = "$(TARGET_NAME)";
				SUPPORTED_PLATFORMS = "iphoneos iphonesimulator";
				SUPPORTS_MACCATALYST = NO;
				SUPPORTS_MAC_DESIGNED_FOR_IPHONE_IPAD = NO;
				SUPPORTS_XR_DESIGNED_FOR_IPHONE_IPAD = NO;
				SWIFT_EMIT_LOC_STRINGS = YES;
				SWIFT_VERSION = 5.0;
				TARGETED_DEVICE_FAMILY = 1;
			};
			name = Debug;
		};
		E2C513DC2BC7CD520021C172 /* Release */ = {
			isa = XCBuildConfiguration;
			buildSettings = {
				ASSETCATALOG_COMPILER_APPICON_NAME = AppIcon;
				ASSETCATALOG_COMPILER_GLOBAL_ACCENT_COLOR_NAME = AccentColor;
				CODE_SIGN_STYLE = Automatic;
				CURRENT_PROJECT_VERSION = 1;
				DEVELOPMENT_TEAM = 47VP7M3T34;
				GENERATE_INFOPLIST_FILE = YES;
				INFOPLIST_FILE = BucketBuddy/Info.plist;
				INFOPLIST_KEY_CFBundleDisplayName = "버킷버디";
				INFOPLIST_KEY_UIApplicationSupportsIndirectInputEvents = YES;
				INFOPLIST_KEY_UILaunchStoryboardName = LaunchScreen;
				INFOPLIST_KEY_UIMainStoryboardFile = Main;
				INFOPLIST_KEY_UISupportedInterfaceOrientations = UIInterfaceOrientationPortrait;
				INFOPLIST_KEY_UISupportedInterfaceOrientations_iPad = "UIInterfaceOrientationLandscapeLeft UIInterfaceOrientationLandscapeRight UIInterfaceOrientationPortrait UIInterfaceOrientationPortraitUpsideDown";
				IPHONEOS_DEPLOYMENT_TARGET = 16.0;
				LD_RUNPATH_SEARCH_PATHS = (
					"$(inherited)",
					"@executable_path/Frameworks",
				);
				MARKETING_VERSION = 1.0;
				PRODUCT_BUNDLE_IDENTIFIER = com.Seou.BucketBuddy;
				PRODUCT_NAME = "$(TARGET_NAME)";
				SUPPORTED_PLATFORMS = "iphoneos iphonesimulator";
				SUPPORTS_MACCATALYST = NO;
				SUPPORTS_MAC_DESIGNED_FOR_IPHONE_IPAD = NO;
				SUPPORTS_XR_DESIGNED_FOR_IPHONE_IPAD = NO;
				SWIFT_EMIT_LOC_STRINGS = YES;
				SWIFT_VERSION = 5.0;
				TARGETED_DEVICE_FAMILY = 1;
			};
			name = Release;
		};
/* End XCBuildConfiguration section */

/* Begin XCConfigurationList section */
		E2C513C12BC7CD510021C172 /* Build configuration list for PBXProject "BucketBuddy" */ = {
			isa = XCConfigurationList;
			buildConfigurations = (
				E2C513D82BC7CD520021C172 /* Debug */,
				E2C513D92BC7CD520021C172 /* Release */,
			);
			defaultConfigurationIsVisible = 0;
			defaultConfigurationName = Release;
		};
		E2C513DA2BC7CD520021C172 /* Build configuration list for PBXNativeTarget "BucketBuddy" */ = {
			isa = XCConfigurationList;
			buildConfigurations = (
				E2C513DB2BC7CD520021C172 /* Debug */,
				E2C513DC2BC7CD520021C172 /* Release */,
			);
			defaultConfigurationIsVisible = 0;
			defaultConfigurationName = Release;
		};
/* End XCConfigurationList section */

/* Begin XCRemoteSwiftPackageReference section */
		E2C513DD2BC7CD8D0021C172 /* XCRemoteSwiftPackageReference "SnapKit" */ = {
			isa = XCRemoteSwiftPackageReference;
			repositoryURL = "https://github.com/SnapKit/SnapKit.git";
			requirement = {
				kind = upToNextMajorVersion;
				minimumVersion = 5.7.1;
			};
		};
		E2C513E32BC7CDE40021C172 /* XCRemoteSwiftPackageReference "Alamofire" */ = {
			isa = XCRemoteSwiftPackageReference;
			repositoryURL = "https://github.com/Alamofire/Alamofire.git";
			requirement = {
				kind = upToNextMajorVersion;
				minimumVersion = 5.9.1;
			};
		};
		E2C513E62BC7CDF10021C172 /* XCRemoteSwiftPackageReference "RxSwift" */ = {
			isa = XCRemoteSwiftPackageReference;
			repositoryURL = "https://github.com/ReactiveX/RxSwift.git";
			requirement = {
				kind = upToNextMajorVersion;
				minimumVersion = 6.6.0;
			};
		};
		E2C513EB2BC7CE0A0021C172 /* XCRemoteSwiftPackageReference "lottie-ios" */ = {
			isa = XCRemoteSwiftPackageReference;
			repositoryURL = "https://github.com/airbnb/lottie-ios.git";
			requirement = {
				kind = upToNextMajorVersion;
				minimumVersion = 4.4.2;
			};
		};
		E2C515342BD265620021C172 /* XCRemoteSwiftPackageReference "realm-swift" */ = {
			isa = XCRemoteSwiftPackageReference;
			repositoryURL = "https://github.com/realm/realm-swift.git";
			requirement = {
				branch = master;
				kind = branch;
			};
		};
/* End XCRemoteSwiftPackageReference section */

/* Begin XCSwiftPackageProductDependency section */
		E2C513DE2BC7CD8D0021C172 /* SnapKit */ = {
			isa = XCSwiftPackageProductDependency;
			package = E2C513DD2BC7CD8D0021C172 /* XCRemoteSwiftPackageReference "SnapKit" */;
			productName = SnapKit;
		};
		E2C513E42BC7CDE40021C172 /* Alamofire */ = {
			isa = XCSwiftPackageProductDependency;
			package = E2C513E32BC7CDE40021C172 /* XCRemoteSwiftPackageReference "Alamofire" */;
			productName = Alamofire;
		};
		E2C513E72BC7CDF10021C172 /* RxCocoa */ = {
			isa = XCSwiftPackageProductDependency;
			package = E2C513E62BC7CDF10021C172 /* XCRemoteSwiftPackageReference "RxSwift" */;
			productName = RxCocoa;
		};
		E2C513E92BC7CDF10021C172 /* RxSwift */ = {
			isa = XCSwiftPackageProductDependency;
			package = E2C513E62BC7CDF10021C172 /* XCRemoteSwiftPackageReference "RxSwift" */;
			productName = RxSwift;
		};
		E2C513EC2BC7CE0A0021C172 /* Lottie */ = {
			isa = XCSwiftPackageProductDependency;
			package = E2C513EB2BC7CE0A0021C172 /* XCRemoteSwiftPackageReference "lottie-ios" */;
			productName = Lottie;
		};
		E2C515352BD265620021C172 /* Realm */ = {
			isa = XCSwiftPackageProductDependency;
			package = E2C515342BD265620021C172 /* XCRemoteSwiftPackageReference "realm-swift" */;
			productName = Realm;
		};
		E2C515372BD265620021C172 /* RealmSwift */ = {
			isa = XCSwiftPackageProductDependency;
			package = E2C515342BD265620021C172 /* XCRemoteSwiftPackageReference "realm-swift" */;
			productName = RealmSwift;
		};
/* End XCSwiftPackageProductDependency section */
	};
	rootObject = E2C513BE2BC7CD510021C172 /* Project object */;
}
